// !$*UTF8*$!
{
	archiveVersion = 1;
	classes = {
	};
	objectVersion = 46;
	objects = {

/* Begin PBXAggregateTarget section */
		4FEB948E16339B5800680361 /* LestradeUniversal */ = {
			isa = PBXAggregateTarget;
			buildConfigurationList = 4FEB948F16339B5800680361 /* Build configuration list for PBXAggregateTarget "LestradeUniversal" */;
			buildPhases = (
				4FEB949216339B5C00680361 /* ShellScript */,
				4FEB949316339B5E00680361 /* ShellScript */,
			);
			dependencies = (
			);
			name = LestradeUniversal;
			productName = LestradeUniversal;
		};
/* End PBXAggregateTarget section */

/* Begin PBXBuildFile section */
		4FEB95F61633BC5E00680361 /* Foundation.framework in Frameworks */ = {isa = PBXBuildFile; fileRef = A4D629AF16307CAE0083C3A3 /* Foundation.framework */; };
		4FEB96061633BC6500680361 /* Foundation.framework in Frameworks */ = {isa = PBXBuildFile; fileRef = A4D629AF16307CAE0083C3A3 /* Foundation.framework */; };
		4FEB96121633BCDB00680361 /* Lestrade.m in Sources */ = {isa = PBXBuildFile; fileRef = A4D629B616307CAE0083C3A3 /* Lestrade.m */; };
		4FEB96131633BCDD00680361 /* Lestrade.h in Headers */ = {isa = PBXBuildFile; fileRef = A4D629B416307CAE0083C3A3 /* Lestrade.h */; settings = {ATTRIBUTES = (Public, ); }; };
		4FEB96141633BCE400680361 /* Reachability.h in Headers */ = {isa = PBXBuildFile; fileRef = A4D629CB1631C4EC0083C3A3 /* Reachability.h */; settings = {ATTRIBUTES = (Public, ); }; };
		4FEB96151633BCE400680361 /* Reachability.m in Headers */ = {isa = PBXBuildFile; fileRef = A4D629CC1631C4EC0083C3A3 /* Reachability.m */; settings = {ATTRIBUTES = (Public, ); }; };
		4FEB96161633BCE400680361 /* NSData+Base64.h in Headers */ = {isa = PBXBuildFile; fileRef = A4D629C116307EB20083C3A3 /* NSData+Base64.h */; settings = {ATTRIBUTES = (Public, ); }; };
		4FEB96171633BCE400680361 /* NSData+Base64.m in Headers */ = {isa = PBXBuildFile; fileRef = A4D629C216307EB20083C3A3 /* NSData+Base64.m */; settings = {ATTRIBUTES = (Public, ); }; };
		4FEB96181633BCE400680361 /* NSString+Base64.h in Headers */ = {isa = PBXBuildFile; fileRef = A4D629C316307EB20083C3A3 /* NSString+Base64.h */; settings = {ATTRIBUTES = (Public, ); }; };
		4FEB96191633BCE400680361 /* NSString+Base64.m in Headers */ = {isa = PBXBuildFile; fileRef = A4D629C416307EB20083C3A3 /* NSString+Base64.m */; settings = {ATTRIBUTES = (Public, ); }; };
		4FEB961A1633BCE700680361 /* Reachability.h in Headers */ = {isa = PBXBuildFile; fileRef = A4D629CB1631C4EC0083C3A3 /* Reachability.h */; };
		4FEB961B1633BCE700680361 /* Reachability.m in Sources */ = {isa = PBXBuildFile; fileRef = A4D629CC1631C4EC0083C3A3 /* Reachability.m */; };
		4FEB961C1633BCE700680361 /* NSData+Base64.h in Headers */ = {isa = PBXBuildFile; fileRef = A4D629C116307EB20083C3A3 /* NSData+Base64.h */; };
		4FEB961D1633BCE700680361 /* NSData+Base64.m in Sources */ = {isa = PBXBuildFile; fileRef = A4D629C216307EB20083C3A3 /* NSData+Base64.m */; };
		4FEB961E1633BCE700680361 /* NSString+Base64.h in Headers */ = {isa = PBXBuildFile; fileRef = A4D629C316307EB20083C3A3 /* NSString+Base64.h */; };
		4FEB961F1633BCE700680361 /* NSString+Base64.m in Sources */ = {isa = PBXBuildFile; fileRef = A4D629C416307EB20083C3A3 /* NSString+Base64.m */; };
		4FEB96211633BCF600680361 /* Lestrade.m in Sources */ = {isa = PBXBuildFile; fileRef = A4D629B616307CAE0083C3A3 /* Lestrade.m */; };
		4FEB96221633BCF800680361 /* Lestrade.h in Headers */ = {isa = PBXBuildFile; fileRef = A4D629B416307CAE0083C3A3 /* Lestrade.h */; settings = {ATTRIBUTES = (Public, ); }; };
/* End PBXBuildFile section */

/* Begin PBXFileReference section */
		4FEB95991633AED500680361 /* build_ios.sh */ = {isa = PBXFileReference; lastKnownFileType = text.script.sh; path = build_ios.sh; sourceTree = "<group>"; };
		4FEB959A1633AEE800680361 /* versioning.sh */ = {isa = PBXFileReference; fileEncoding = 4; lastKnownFileType = text.script.sh; path = versioning.sh; sourceTree = "<group>"; };
		4FEB95F51633BC5E00680361 /* libLestradeMinimal.a */ = {isa = PBXFileReference; explicitFileType = archive.ar; includeInIndex = 0; path = libLestradeMinimal.a; sourceTree = BUILT_PRODUCTS_DIR; };
		4FEB96051633BC6500680361 /* libLestradeFull.a */ = {isa = PBXFileReference; explicitFileType = archive.ar; includeInIndex = 0; path = libLestradeFull.a; sourceTree = BUILT_PRODUCTS_DIR; };
		A4D629AF16307CAE0083C3A3 /* Foundation.framework */ = {isa = PBXFileReference; lastKnownFileType = wrapper.framework; name = Foundation.framework; path = System/Library/Frameworks/Foundation.framework; sourceTree = SDKROOT; };
		A4D629B316307CAE0083C3A3 /* Lestrade-Prefix.pch */ = {isa = PBXFileReference; lastKnownFileType = sourcecode.c.h; path = "Lestrade-Prefix.pch"; sourceTree = "<group>"; };
		A4D629B416307CAE0083C3A3 /* Lestrade.h */ = {isa = PBXFileReference; lastKnownFileType = sourcecode.c.h; path = Lestrade.h; sourceTree = "<group>"; };
		A4D629B616307CAE0083C3A3 /* Lestrade.m */ = {isa = PBXFileReference; lastKnownFileType = sourcecode.c.objc; path = Lestrade.m; sourceTree = "<group>"; };
		A4D629C116307EB20083C3A3 /* NSData+Base64.h */ = {isa = PBXFileReference; fileEncoding = 4; lastKnownFileType = sourcecode.c.h; path = "NSData+Base64.h"; sourceTree = "<group>"; };
		A4D629C216307EB20083C3A3 /* NSData+Base64.m */ = {isa = PBXFileReference; fileEncoding = 4; lastKnownFileType = sourcecode.c.objc; path = "NSData+Base64.m"; sourceTree = "<group>"; };
		A4D629C316307EB20083C3A3 /* NSString+Base64.h */ = {isa = PBXFileReference; fileEncoding = 4; lastKnownFileType = sourcecode.c.h; path = "NSString+Base64.h"; sourceTree = "<group>"; };
		A4D629C416307EB20083C3A3 /* NSString+Base64.m */ = {isa = PBXFileReference; fileEncoding = 4; lastKnownFileType = sourcecode.c.objc; path = "NSString+Base64.m"; sourceTree = "<group>"; };
		A4D629CB1631C4EC0083C3A3 /* Reachability.h */ = {isa = PBXFileReference; fileEncoding = 4; lastKnownFileType = sourcecode.c.h; path = Reachability.h; sourceTree = "<group>"; };
		A4D629CC1631C4EC0083C3A3 /* Reachability.m */ = {isa = PBXFileReference; fileEncoding = 4; lastKnownFileType = sourcecode.c.objc; path = Reachability.m; sourceTree = "<group>"; };
/* End PBXFileReference section */

/* Begin PBXFrameworksBuildPhase section */
		4FEB95F21633BC5E00680361 /* Frameworks */ = {
			isa = PBXFrameworksBuildPhase;
			buildActionMask = 2147483647;
			files = (
				4FEB95F61633BC5E00680361 /* Foundation.framework in Frameworks */,
			);
			runOnlyForDeploymentPostprocessing = 0;
		};
		4FEB96021633BC6500680361 /* Frameworks */ = {
			isa = PBXFrameworksBuildPhase;
			buildActionMask = 2147483647;
			files = (
				4FEB96061633BC6500680361 /* Foundation.framework in Frameworks */,
			);
			runOnlyForDeploymentPostprocessing = 0;
		};
/* End PBXFrameworksBuildPhase section */

/* Begin PBXGroup section */
		A4D629A116307CAE0083C3A3 = {
			isa = PBXGroup;
			children = (
				A4D629B116307CAE0083C3A3 /* Lestrade */,
				A4D629AE16307CAE0083C3A3 /* Frameworks */,
				A4D629AD16307CAE0083C3A3 /* Products */,
			);
			sourceTree = "<group>";
		};
		A4D629AD16307CAE0083C3A3 /* Products */ = {
			isa = PBXGroup;
			children = (
				4FEB95F51633BC5E00680361 /* libLestradeMinimal.a */,
				4FEB96051633BC6500680361 /* libLestradeFull.a */,
			);
			name = Products;
			sourceTree = "<group>";
		};
		A4D629AE16307CAE0083C3A3 /* Frameworks */ = {
			isa = PBXGroup;
			children = (
				A4D629AF16307CAE0083C3A3 /* Foundation.framework */,
			);
			name = Frameworks;
			sourceTree = "<group>";
		};
		A4D629B116307CAE0083C3A3 /* Lestrade */ = {
			isa = PBXGroup;
			children = (
				A4D629B416307CAE0083C3A3 /* Lestrade.h */,
				A4D629B616307CAE0083C3A3 /* Lestrade.m */,
				A4D629B216307CAE0083C3A3 /* Supporting Files */,
			);
			path = Lestrade;
			sourceTree = "<group>";
		};
		A4D629B216307CAE0083C3A3 /* Supporting Files */ = {
			isa = PBXGroup;
			children = (
				4FEB95991633AED500680361 /* build_ios.sh */,
				4FEB959A1633AEE800680361 /* versioning.sh */,
				A4D629CF1631C4F00083C3A3 /* Reachability */,
				A4D629C716307EB60083C3A3 /* Base64 */,
				A4D629B316307CAE0083C3A3 /* Lestrade-Prefix.pch */,
			);
			name = "Supporting Files";
			sourceTree = "<group>";
		};
		A4D629C716307EB60083C3A3 /* Base64 */ = {
			isa = PBXGroup;
			children = (
				A4D629C116307EB20083C3A3 /* NSData+Base64.h */,
				A4D629C216307EB20083C3A3 /* NSData+Base64.m */,
				A4D629C316307EB20083C3A3 /* NSString+Base64.h */,
				A4D629C416307EB20083C3A3 /* NSString+Base64.m */,
			);
			name = Base64;
			sourceTree = "<group>";
		};
		A4D629CF1631C4F00083C3A3 /* Reachability */ = {
			isa = PBXGroup;
			children = (
				A4D629CB1631C4EC0083C3A3 /* Reachability.h */,
				A4D629CC1631C4EC0083C3A3 /* Reachability.m */,
			);
			name = Reachability;
			sourceTree = "<group>";
		};
/* End PBXGroup section */

/* Begin PBXHeadersBuildPhase section */
		4FEB96111633BCD600680361 /* Headers */ = {
			isa = PBXHeadersBuildPhase;
			buildActionMask = 2147483647;
			files = (
				4FEB96131633BCDD00680361 /* Lestrade.h in Headers */,
				4FEB96141633BCE400680361 /* Reachability.h in Headers */,
				4FEB96151633BCE400680361 /* Reachability.m in Headers */,
				4FEB96161633BCE400680361 /* NSData+Base64.h in Headers */,
				4FEB96171633BCE400680361 /* NSData+Base64.m in Headers */,
				4FEB96181633BCE400680361 /* NSString+Base64.h in Headers */,
				4FEB96191633BCE400680361 /* NSString+Base64.m in Headers */,
			);
			runOnlyForDeploymentPostprocessing = 0;
		};
		4FEB96201633BCF100680361 /* Headers */ = {
			isa = PBXHeadersBuildPhase;
			buildActionMask = 2147483647;
			files = (
				4FEB96221633BCF800680361 /* Lestrade.h in Headers */,
				4FEB961A1633BCE700680361 /* Reachability.h in Headers */,
				4FEB961C1633BCE700680361 /* NSData+Base64.h in Headers */,
				4FEB961E1633BCE700680361 /* NSString+Base64.h in Headers */,
			);
			runOnlyForDeploymentPostprocessing = 0;
		};
/* End PBXHeadersBuildPhase section */

/* Begin PBXNativeTarget section */
		4FEB95F41633BC5E00680361 /* LestradeMinimal */ = {
			isa = PBXNativeTarget;
			buildConfigurationList = 4FEB95FE1633BC5E00680361 /* Build configuration list for PBXNativeTarget "LestradeMinimal" */;
			buildPhases = (
				4FEB95F11633BC5E00680361 /* Sources */,
				4FEB95F21633BC5E00680361 /* Frameworks */,
				4FEB96111633BCD600680361 /* Headers */,
			);
			buildRules = (
			);
			dependencies = (
			);
			name = LestradeMinimal;
			productName = LestradeMinimal;
			productReference = 4FEB95F51633BC5E00680361 /* libLestradeMinimal.a */;
			productType = "com.apple.product-type.library.static";
		};
		4FEB96041633BC6500680361 /* LestradeFull */ = {
			isa = PBXNativeTarget;
			buildConfigurationList = 4FEB960E1633BC6500680361 /* Build configuration list for PBXNativeTarget "LestradeFull" */;
			buildPhases = (
				4FEB96011633BC6500680361 /* Sources */,
				4FEB96021633BC6500680361 /* Frameworks */,
				4FEB96201633BCF100680361 /* Headers */,
			);
			buildRules = (
			);
			dependencies = (
			);
			name = LestradeFull;
			productName = LestradeFull;
			productReference = 4FEB96051633BC6500680361 /* libLestradeFull.a */;
			productType = "com.apple.product-type.library.static";
		};
/* End PBXNativeTarget section */

/* Begin PBXProject section */
		A4D629A316307CAE0083C3A3 /* Project object */ = {
			isa = PBXProject;
			attributes = {
				CLASSPREFIX = "";
				LastUpgradeCheck = 0450;
				ORGANIZATIONNAME = TotenDev;
			};
			buildConfigurationList = A4D629A616307CAE0083C3A3 /* Build configuration list for PBXProject "Lestrade" */;
			compatibilityVersion = "Xcode 3.2";
			developmentRegion = English;
			hasScannedForEncodings = 0;
			knownRegions = (
				en,
			);
			mainGroup = A4D629A116307CAE0083C3A3;
			productRefGroup = A4D629AD16307CAE0083C3A3 /* Products */;
			projectDirPath = "";
			projectRoot = "";
			targets = (
				4FEB948E16339B5800680361 /* LestradeUniversal */,
				4FEB95F41633BC5E00680361 /* LestradeMinimal */,
				4FEB96041633BC6500680361 /* LestradeFull */,
			);
		};
/* End PBXProject section */

/* Begin PBXShellScriptBuildPhase section */
		4FEB949216339B5C00680361 /* ShellScript */ = {
			isa = PBXShellScriptBuildPhase;
			buildActionMask = 2147483647;
			files = (
			);
			inputPaths = (
			);
			outputPaths = (
			);
			runOnlyForDeploymentPostprocessing = 0;
			shellPath = /bin/sh;
			shellScript = "#!/bin/bash\ncd ${PROJECT_DIR}/${PROJECT}\n./versioning.sh Lestrade.m LIB_LESTRADE_BUILD_VERSION";
			showEnvVarsInLog = 0;
		};
		4FEB949316339B5E00680361 /* ShellScript */ = {
			isa = PBXShellScriptBuildPhase;
			buildActionMask = 2147483647;
			files = (
			);
			inputPaths = (
			);
			outputPaths = (
			);
			runOnlyForDeploymentPostprocessing = 0;
			shellPath = /bin/sh;
			shellScript = "#!/bin/bash\ncd ${PROJECT_DIR}/${PROJECT}\n./build_ios.sh LestradeFull\ncd ${PROJECT_DIR}/${PROJECT}\n./build_ios.sh LestradeMinimal";
			showEnvVarsInLog = 0;
		};
/* End PBXShellScriptBuildPhase section */

/* Begin PBXSourcesBuildPhase section */
		4FEB95F11633BC5E00680361 /* Sources */ = {
			isa = PBXSourcesBuildPhase;
			buildActionMask = 2147483647;
			files = (
				4FEB96121633BCDB00680361 /* Lestrade.m in Sources */,
			);
			runOnlyForDeploymentPostprocessing = 0;
		};
		4FEB96011633BC6500680361 /* Sources */ = {
			isa = PBXSourcesBuildPhase;
			buildActionMask = 2147483647;
			files = (
				4FEB961B1633BCE700680361 /* Reachability.m in Sources */,
				4FEB96211633BCF600680361 /* Lestrade.m in Sources */,
				4FEB961D1633BCE700680361 /* NSData+Base64.m in Sources */,
				4FEB961F1633BCE700680361 /* NSString+Base64.m in Sources */,
			);
			runOnlyForDeploymentPostprocessing = 0;
		};
/* End PBXSourcesBuildPhase section */

/* Begin XCBuildConfiguration section */
		4FEB949016339B5800680361 /* Debug */ = {
			isa = XCBuildConfiguration;
			buildSettings = {
				GCC_PREPROCESSOR_DEFINITIONS = (
					"DEBUG=1",
					"$(inherited)",
				);
				IPHONEOS_DEPLOYMENT_TARGET = 4.3;
				PRODUCT_NAME = "$(TARGET_NAME)";
				TARGETED_DEVICE_FAMILY = "1,2";
			};
			name = Debug;
		};
		4FEB949116339B5800680361 /* Release */ = {
			isa = XCBuildConfiguration;
			buildSettings = {
				GCC_PREPROCESSOR_DEFINITIONS = "";
				IPHONEOS_DEPLOYMENT_TARGET = 4.3;
				PRODUCT_NAME = "$(TARGET_NAME)";
				TARGETED_DEVICE_FAMILY = "1,2";
			};
			name = Release;
		};
		4FEB95FF1633BC5E00680361 /* Debug */ = {
			isa = XCBuildConfiguration;
			buildSettings = {
				DSTROOT = /tmp/LestradeMinimal.dst;
				GCC_PRECOMPILE_PREFIX_HEADER = YES;
				GCC_PREFIX_HEADER = "Lestrade/Lestrade-Prefix.pch";
				GCC_PREPROCESSOR_DEFINITIONS = (
					"DEBUG=1",
					"$(inherited)",
					"__TARGET_NAME__=$(PRODUCT_NAME)",
				);
				IPHONEOS_DEPLOYMENT_TARGET = 4.3;
				ONLY_ACTIVE_ARCH = NO;
				OTHER_LDFLAGS = "-ObjC";
				PRODUCT_NAME = "$(TARGET_NAME)";
				SKIP_INSTALL = YES;
				TARGETED_DEVICE_FAMILY = "1,2";
			};
			name = Debug;
		};
		4FEB96001633BC5E00680361 /* Release */ = {
			isa = XCBuildConfiguration;
			buildSettings = {
				DSTROOT = /tmp/LestradeMinimal.dst;
				GCC_PRECOMPILE_PREFIX_HEADER = YES;
				GCC_PREFIX_HEADER = "Lestrade/Lestrade-Prefix.pch";
				GCC_PREPROCESSOR_DEFINITIONS = "__TARGET_NAME__=$(PRODUCT_NAME)";
				IPHONEOS_DEPLOYMENT_TARGET = 4.3;
				ONLY_ACTIVE_ARCH = NO;
				OTHER_LDFLAGS = "-ObjC";
				PRODUCT_NAME = "$(TARGET_NAME)";
				SKIP_INSTALL = YES;
				TARGETED_DEVICE_FAMILY = "1,2";
			};
			name = Release;
		};
		4FEB960F1633BC6500680361 /* Debug */ = {
			isa = XCBuildConfiguration;
			buildSettings = {
				DSTROOT = /tmp/LestradeFull.dst;
				GCC_PRECOMPILE_PREFIX_HEADER = YES;
				GCC_PREFIX_HEADER = "Lestrade/Lestrade-Prefix.pch";
				GCC_PREPROCESSOR_DEFINITIONS = (
					"DEBUG=1",
					"$(inherited)",
					"__TARGET_NAME__=$(PRODUCT_NAME)",
				);
				IPHONEOS_DEPLOYMENT_TARGET = 4.3;
				ONLY_ACTIVE_ARCH = NO;
				OTHER_LDFLAGS = "-ObjC";
				PRODUCT_NAME = "$(TARGET_NAME)";
				SKIP_INSTALL = YES;
				TARGETED_DEVICE_FAMILY = "1,2";
			};
			name = Debug;
		};
		4FEB96101633BC6500680361 /* Release */ = {
			isa = XCBuildConfiguration;
			buildSettings = {
				DSTROOT = /tmp/LestradeFull.dst;
				GCC_PRECOMPILE_PREFIX_HEADER = YES;
				GCC_PREFIX_HEADER = "Lestrade/Lestrade-Prefix.pch";
				GCC_PREPROCESSOR_DEFINITIONS = "__TARGET_NAME__=$(PRODUCT_NAME)";
				IPHONEOS_DEPLOYMENT_TARGET = 4.3;
				ONLY_ACTIVE_ARCH = NO;
				OTHER_LDFLAGS = "-ObjC";
				PRODUCT_NAME = "$(TARGET_NAME)";
				SKIP_INSTALL = YES;
				TARGETED_DEVICE_FAMILY = "1,2";
			};
			name = Release;
		};
		A4D629B816307CAE0083C3A3 /* Debug */ = {
			isa = XCBuildConfiguration;
			buildSettings = {
				ALWAYS_SEARCH_USER_PATHS = NO;
				CLANG_CXX_LANGUAGE_STANDARD = "gnu++0x";
				CLANG_CXX_LIBRARY = "libc++";
				CLANG_ENABLE_OBJC_ARC = YES;
				CLANG_WARN_EMPTY_BODY = YES;
				CLANG_WARN__DUPLICATE_METHOD_MATCH = YES;
				COPY_PHASE_STRIP = NO;
				GCC_C_LANGUAGE_STANDARD = gnu99;
				GCC_DYNAMIC_NO_PIC = NO;
				GCC_OPTIMIZATION_LEVEL = 0;
				GCC_PREPROCESSOR_DEFINITIONS = (
					"DEBUG=1",
					"$(inherited)",
				);
				GCC_SYMBOLS_PRIVATE_EXTERN = NO;
				GCC_WARN_ABOUT_RETURN_TYPE = YES;
				GCC_WARN_UNINITIALIZED_AUTOS = YES;
				GCC_WARN_UNUSED_VARIABLE = YES;
				IPHONEOS_DEPLOYMENT_TARGET = 6.0;
				ONLY_ACTIVE_ARCH = NO;
				SDKROOT = iphoneos;
			};
			name = Debug;
		};
		A4D629B916307CAE0083C3A3 /* Release */ = {
			isa = XCBuildConfiguration;
			buildSettings = {
				ALWAYS_SEARCH_USER_PATHS = NO;
				CLANG_CXX_LANGUAGE_STANDARD = "gnu++0x";
				CLANG_CXX_LIBRARY = "libc++";
				CLANG_ENABLE_OBJC_ARC = YES;
				CLANG_WARN_EMPTY_BODY = YES;
				CLANG_WARN__DUPLICATE_METHOD_MATCH = YES;
				COPY_PHASE_STRIP = YES;
				GCC_C_LANGUAGE_STANDARD = gnu99;
				GCC_WARN_ABOUT_RETURN_TYPE = YES;
				GCC_WARN_UNINITIALIZED_AUTOS = YES;
				GCC_WARN_UNUSED_VARIABLE = YES;
				IPHONEOS_DEPLOYMENT_TARGET = 6.0;
				ONLY_ACTIVE_ARCH = NO;
				SDKROOT = iphoneos;
				VALIDATE_PRODUCT = YES;
			};
			name = Release;
		};
/* End XCBuildConfiguration section */

/* Begin XCConfigurationList section */
		4FEB948F16339B5800680361 /* Build configuration list for PBXAggregateTarget "LestradeUniversal" */ = {
			isa = XCConfigurationList;
			buildConfigurations = (
				4FEB949016339B5800680361 /* Debug */,
				4FEB949116339B5800680361 /* Release */,
			);
			defaultConfigurationIsVisible = 0;
			defaultConfigurationName = Release;
		};
		4FEB95FE1633BC5E00680361 /* Build configuration list for PBXNativeTarget "LestradeMinimal" */ = {
			isa = XCConfigurationList;
			buildConfigurations = (
				4FEB95FF1633BC5E00680361 /* Debug */,
				4FEB96001633BC5E00680361 /* Release */,
			);
			defaultConfigurationIsVisible = 0;
			defaultConfigurationName = Release;
		};
		4FEB960E1633BC6500680361 /* Build configuration list for PBXNativeTarget "LestradeFull" */ = {
			isa = XCConfigurationList;
			buildConfigurations = (
				4FEB960F1633BC6500680361 /* Debug */,
				4FEB96101633BC6500680361 /* Release */,
			);
			defaultConfigurationIsVisible = 0;
			defaultConfigurationName = Release;
		};
		A4D629A616307CAE0083C3A3 /* Build configuration list for PBXProject "Lestrade" */ = {
			isa = XCConfigurationList;
			buildConfigurations = (
				A4D629B816307CAE0083C3A3 /* Debug */,
				A4D629B916307CAE0083C3A3 /* Release */,
			);
			defaultConfigurationIsVisible = 0;
			defaultConfigurationName = Release;
		};
/* End XCConfigurationList section */
	};
	rootObject = A4D629A316307CAE0083C3A3 /* Project object */;
}
